Microsoft Visual Studio Solution File, Format Version 10.00
# Visual Studio 2008
Project("{8BC9CEB8-8B4A-11D0-8D11-00A0C91BC942}") = "mn_demo", "mn_demo\build\windows\mn_demo.vcproj", "{21B017E7-7805-40D5-9D96-AABF572F57D1}"
EndProject
Project("{8BC9CEB8-8B4A-11D0-8D11-00A0C91BC942}") = "mn_input", "mn_input\build\windows\mn_input.vcproj", "{22246836-E303-4E61-81E2-6CC9748ED7DD}"
EndProject
Project("{8BC9CEB8-8B4A-11D0-8D11-00A0C91BC942}") = "mn_ui", "mn_ui\build\windows\mn_ui.vcproj", "{E106ACD7-4E53-4AEE-942B-D0DD426DB34E}"
EndProject
Project("{8BC9CEB8-8B4A-11D0-8D11-00A0C91BC942}") = "mn_render", "mn_render\build\windows\mn_render.vcproj", "{D2BA80E4-6907-4BCE-8EA1-3042BDCC077B}"
EndProject
Global
	GlobalSection(SolutionConfigurationPlatforms) = preSolution
		Debug|Win32 = Debug|Win32
		Release|Win32 = Release|Win32
		UnicodeDebug|Win32 = UnicodeDebug|Win32
		UnicodeRelease|Win32 = UnicodeRelease|Win32
	EndGlobalSection
	GlobalSection(ProjectConfigurationPlatforms) = postSolution
		{21B017E7-7805-40D5-9D96-AABF572F57D1}.Debug|Win32.ActiveCfg = Debug|Win32
		{21B017E7-7805-40D5-9D96-AABF572F57D1}.Debug|Win32.Build.0 = Debug|Win32
		{21B017E7-7805-40D5-9D96-AABF572F57D1}.Release|Win32.ActiveCfg = Release|Win32
		{21B017E7-7805-40D5-9D96-AABF572F57D1}.Release|Win32.Build.0 = Release|Win32
		{21B017E7-7805-40D5-9D96-AABF572F57D1}.UnicodeDebug|Win32.ActiveCfg = UnicodeDebug|Win32
		{21B017E7-7805-40D5-9D96-AABF572F57D1}.UnicodeDebug|Win32.Build.0 = UnicodeDebug|Win32
		{21B017E7-7805-40D5-9D96-AABF572F57D1}.UnicodeRelease|Win32.ActiveCfg = UnicodeRelease|Win32
		{21B017E7-7805-40D5-9D96-AABF572F57D1}.UnicodeRelease|Win32.Build.0 = UnicodeRelease|Win32
		{22246836-E303-4E61-81E2-6CC9748ED7DD}.Debug|Win32.ActiveCfg = Debug|Win32
		{22246836-E303-4E61-81E2-6CC9748ED7DD}.Debug|Win32.Build.0 = Debug|Win32
		{22246836-E303-4E61-81E2-6CC9748ED7DD}.Release|Win32.ActiveCfg = Release|Win32
		{22246836-E303-4E61-81E2-6CC9748ED7DD}.Release|Win32.Build.0 = Release|Win32
		{22246836-E303-4E61-81E2-6CC9748ED7DD}.UnicodeDebug|Win32.ActiveCfg = Debug|Win32
		{22246836-E303-4E61-81E2-6CC9748ED7DD}.UnicodeDebug|Win32.Build.0 = Debug|Win32
		{22246836-E303-4E61-81E2-6CC9748ED7DD}.UnicodeRelease|Win32.ActiveCfg = Release|Win32
		{22246836-E303-4E61-81E2-6CC9748ED7DD}.UnicodeRelease|Win32.Build.0 = Release|Win32
		{E106ACD7-4E53-4AEE-942B-D0DD426DB34E}.Debug|Win32.ActiveCfg = Debug|Win32
		{E106ACD7-4E53-4AEE-942B-D0DD426DB34E}.Debug|Win32.Build.0 = Debug|Win32
		{E106ACD7-4E53-4AEE-942B-D0DD426DB34E}.Release|Win32.ActiveCfg = Release|Win32
		{E106ACD7-4E53-4AEE-942B-D0DD426DB34E}.Release|Win32.Build.0 = Release|Win32
		{E106ACD7-4E53-4AEE-942B-D0DD426DB34E}.UnicodeDebug|Win32.ActiveCfg = UnicodeDebug|Win32
		{E106ACD7-4E53-4AEE-942B-D0DD426DB34E}.UnicodeDebug|Win32.Build.0 = UnicodeDebug|Win32
		{E106ACD7-4E53-4AEE-942B-D0DD426DB34E}.UnicodeRelease|Win32.ActiveCfg = UnicodeRelease|Win32
		{E106ACD7-4E53-4AEE-942B-D0DD426DB34E}.UnicodeRelease|Win32.Build.0 = UnicodeRelease|Win32
		{D2BA80E4-6907-4BCE-8EA1-3042BDCC077B}.Debug|Win32.ActiveCfg = Debug|Win32
		{D2BA80E4-6907-4BCE-8EA1-3042BDCC077B}.Debug|Win32.Build.0 = Debug|Win32
		{D2BA80E4-6907-4BCE-8EA1-3042BDCC077B}.Release|Win32.ActiveCfg = Release|Win32
		{D2BA80E4-6907-4BCE-8EA1-3042BDCC077B}.Release|Win32.Build.0 = Release|Win32
		{D2BA80E4-6907-4BCE-8EA1-3042BDCC077B}.UnicodeDebug|Win32.ActiveCfg = Debug|Win32
		{D2BA80E4-6907-4BCE-8EA1-3042BDCC077B}.UnicodeDebug|Win32.Build.0 = Debug|Win32
		{D2BA80E4-6907-4BCE-8EA1-3042BDCC077B}.UnicodeRelease|Win32.ActiveCfg = Release|Win32
		{D2BA80E4-6907-4BCE-8EA1-3042BDCC077B}.UnicodeRelease|Win32.Build.0 = Release|Win32
	EndGlobalSection
	GlobalSection(SolutionProperties) = preSolution
		HideSolutionNode = FALSE
	EndGlobalSection
EndGlobal
